
Microsoft Visual Studio Solution File, Format Version 12.00
# Visual Studio Version 16
VisualStudioVersion = 16.6.30114.105
MinimumVisualStudioVersion = 10.0.40219.1
Project("{2150E333-8FDC-42A3-9474-1A3956D46DE8}") = "Solution Items", "Solution Items", "{28617E79-502F-4930-9D48-8095AE26536B}"
	ProjectSection(SolutionItems) = preProject
		.editorconfig = .editorconfig
	EndProjectSection
EndProject
Project("{9A19103F-16F7-4668-BE54-9A1E7A4F7556}") = "Sakuno.Avm.Abc", "src\Sakuno.Avm.Abc\Sakuno.Avm.Abc.csproj", "{4EE4AF7C-AEF4-4E70-AC13-A1F5F3F6D364}"
EndProject
Global
	GlobalSection(SolutionConfigurationPlatforms) = preSolution
		Debug|Any CPU = Debug|Any CPU
		Release|Any CPU = Release|Any CPU
	EndGlobalSection
	GlobalSection(ProjectConfigurationPlatforms) = postSolution
		{4EE4AF7C-AEF4-4E70-AC13-A1F5F3F6D364}.Debug|Any CPU.ActiveCfg = Debug|Any CPU
		{4EE4AF7C-AEF4-4E70-AC13-A1F5F3F6D364}.Debug|Any CPU.Build.0 = Debug|Any CPU
		{4EE4AF7C-AEF4-4E70-AC13-A1F5F3F6D364}.Release|Any CPU.ActiveCfg = Release|Any CPU
		{4EE4AF7C-AEF4-4E70-AC13-A1F5F3F6D364}.Release|Any CPU.Build.0 = Release|Any CPU
	EndGlobalSection
	GlobalSection(SolutionProperties) = preSolution
		HideSolutionNode = FALSE
	EndGlobalSection
	GlobalSection(ExtensibilityGlobals) = postSolution
		SolutionGuid = {DFC25D01-F8D2-49C5-A90E-7305BDBCAA51}
	EndGlobalSection
EndGlobal
